
Microsoft Visual Studio Solution File, Format Version 12.00
# Visual Studio Version 17
VisualStudioVersion = 17.14.36811.4 d17.14
MinimumVisualStudioVersion = 10.0.40219.1
Project("{FAE04EC0-301F-11D3-BF4B-00C04F79EFBC}") = "SalonAppointmentSystem", "SalonAppointmentSystem\SalonAppointmentSystem.csproj", "{252A5E04-2EA1-48EB-B819-76515B874D10}"
EndProject
Global
	GlobalSection(SolutionConfigurationPlatforms) = preSolution
		Debug|Any CPU = Debug|Any CPU
		Release|Any CPU = Release|Any CPU
	EndGlobalSection
	GlobalSection(ProjectConfigurationPlatforms) = postSolution
		{252A5E04-2EA1-48EB-B819-76515B874D10}.Debug|Any CPU.ActiveCfg = Debug|Any CPU
		{252A5E04-2EA1-48EB-B819-76515B874D10}.Debug|Any CPU.Build.0 = Debug|Any CPU
		{252A5E04-2EA1-48EB-B819-76515B874D10}.Release|Any CPU.ActiveCfg = Release|Any CPU
		{252A5E04-2EA1-48EB-B819-76515B874D10}.Release|Any CPU.Build.0 = Release|Any CPU
	EndGlobalSection
	GlobalSection(SolutionProperties) = preSolution
		HideSolutionNode = FALSE
	EndGlobalSection
	GlobalSection(ExtensibilityGlobals) = postSolution
		SolutionGuid = {6CD173AA-CBCC-4558-92D9-5797DB14C39E}
	EndGlobalSection
EndGlobal
